{
	"name": "speednet-uni",
	"version": "1.1.32",
	"lockfileVersion": 2,
	"requires": true,
	"packages": {
		"": {
			"version": "1.1.32",
			"dependencies": {
				"vue-ellipse-progress": "^1.1.1"
			},
			"engines": {
				"HBuilderX": "^3.2.6"
			}
		},
		"node_modules/vue": {
			"version": "2.6.14",
			"resolved": "https://registry.npmjs.org/vue/-/vue-2.6.14.tgz",
			"integrity": "sha512-x2284lgYvjOMj3Za7kqzRcUSxBboHqtgRE2zlos1qWaOye5yUmHn42LB1250NJBLRwEcdrB0JRwyPTEPhfQjiQ==",
			"peer": true
		},
		"node_modules/vue-ellipse-progress": {
			"version": "1.1.1",
			"resolved": "https://registry.npmjs.org/vue-ellipse-progress/-/vue-ellipse-progress-1.1.1.tgz",
			"integrity": "sha512-aXBlf4OGpKzGCytC+1/PdJE26PHsGfAZrYMLsuRsrfeS5AfP2jiqGs0urkoL+oGiJjUH3JP4125Z4ZdxnZXZww==",
			"peerDependencies": {
				"vue": "^2"
			}
		}
	},
	"dependencies": {
		"vue": {
			"version": "2.6.14",
			"resolved": "https://registry.npmjs.org/vue/-/vue-2.6.14.tgz",
			"integrity": "sha512-x2284lgYvjOMj3Za7kqzRcUSxBboHqtgRE2zlos1qWaOye5yUmHn42LB1250NJBLRwEcdrB0JRwyPTEPhfQjiQ==",
			"peer": true
		},
		"vue-ellipse-progress": {
			"version": "1.1.1",
			"resolved": "https://registry.npmjs.org/vue-ellipse-progress/-/vue-ellipse-progress-1.1.1.tgz",
			"integrity": "sha512-aXBlf4OGpKzGCytC+1/PdJE26PHsGfAZrYMLsuRsrfeS5AfP2jiqGs0urkoL+oGiJjUH3JP4125Z4ZdxnZXZww==",
			"requires": {}
		}
	}
}
