{
	"name": "speednet-uni",
	"version": "1.1.32",
	"lockfileVersion": 2,
	"requires": true,
	"packages": {
		"": {
			"version": "1.1.32",
			"dependencies": {
				"vue-awesome-progress": "^1.9.7"
			},
			"engines": {
				"HBuilderX": "^3.2.6"
			}
		},
		"node_modules/@babel/runtime": {
			"version": "7.17.7",
			"resolved": "https://registry.npmjs.org/@babel/runtime/-/runtime-7.17.7.tgz",
			"integrity": "sha512-L6rvG9GDxaLgFjg41K+5Yv9OMrU98sWe+Ykmc6FDJW/+vYZMhdOMKkISgzptMaERHvS2Y2lw9MDRm2gHhlQQoA==",
			"dependencies": {
				"regenerator-runtime": "^0.13.4"
			},
			"engines": {
				"node": ">=6.9.0"
			}
		},
		"node_modules/bezier-easing": {
			"version": "2.1.0",
			"resolved": "https://registry.npmjs.org/bezier-easing/-/bezier-easing-2.1.0.tgz",
			"integrity": "sha1-wE3+i5JtbsrKGBPWn/F5t8ICXYY="
		},
		"node_modules/core-js": {
			"version": "3.21.1",
			"resolved": "https://registry.npmjs.org/core-js/-/core-js-3.21.1.tgz",
			"integrity": "sha512-FRq5b/VMrWlrmCzwRrpDYNxyHP9BcAZC+xHJaqTgIE5091ZV1NTmyh0sGOg5XqpnHvR0svdy0sv1gWA1zmhxig==",
			"hasInstallScript": true,
			"funding": {
				"type": "opencollective",
				"url": "https://opencollective.com/core-js"
			}
		},
		"node_modules/lodash-es": {
			"version": "4.17.21",
			"resolved": "https://registry.npmjs.org/lodash-es/-/lodash-es-4.17.21.tgz",
			"integrity": "sha512-mKnC+QJ9pWVzv+C4/U3rRsHapFfHvQFoFB92e52xeyGMcX6/OlIl78je1u8vePzYZSkkogMPJ2yjxxsb89cxyw=="
		},
		"node_modules/regenerator-runtime": {
			"version": "0.13.9",
			"resolved": "https://registry.npmjs.org/regenerator-runtime/-/regenerator-runtime-0.13.9.tgz",
			"integrity": "sha512-p3VT+cOEgxFsRRA9X4lkI1E+k2/CtnKtU4gcxyaCUreilL/vqI6CdZ3wxVUx3UOUg+gnUOQQcRI7BmSI656MYA=="
		},
		"node_modules/vue": {
			"version": "2.6.14",
			"resolved": "https://registry.npmjs.org/vue/-/vue-2.6.14.tgz",
			"integrity": "sha512-x2284lgYvjOMj3Za7kqzRcUSxBboHqtgRE2zlos1qWaOye5yUmHn42LB1250NJBLRwEcdrB0JRwyPTEPhfQjiQ==",
			"peer": true
		},
		"node_modules/vue-awesome-progress": {
			"version": "1.9.7",
			"resolved": "https://registry.npmjs.org/vue-awesome-progress/-/vue-awesome-progress-1.9.7.tgz",
			"integrity": "sha512-0MuxDTS1rLRvrIEd/7JLWZTKgJOjB+02FMwr1+XGp7uyaPOx1y6iAWkWylZH8fbkAj8LsjCSpFMSDP3z+6mL6Q==",
			"dependencies": {
				"@babel/runtime": "^7.9.2",
				"bezier-easing": "^2.1.0",
				"core-js": "^3.6.4",
				"lodash-es": "^4.17.21"
			},
			"peerDependencies": {
				"vue": "^2.6.12"
			}
		}
	},
	"dependencies": {
		"@babel/runtime": {
			"version": "7.17.7",
			"resolved": "https://registry.npmjs.org/@babel/runtime/-/runtime-7.17.7.tgz",
			"integrity": "sha512-L6rvG9GDxaLgFjg41K+5Yv9OMrU98sWe+Ykmc6FDJW/+vYZMhdOMKkISgzptMaERHvS2Y2lw9MDRm2gHhlQQoA==",
			"requires": {
				"regenerator-runtime": "^0.13.4"
			}
		},
		"bezier-easing": {
			"version": "2.1.0",
			"resolved": "https://registry.npmjs.org/bezier-easing/-/bezier-easing-2.1.0.tgz",
			"integrity": "sha1-wE3+i5JtbsrKGBPWn/F5t8ICXYY="
		},
		"core-js": {
			"version": "3.21.1",
			"resolved": "https://registry.npmjs.org/core-js/-/core-js-3.21.1.tgz",
			"integrity": "sha512-FRq5b/VMrWlrmCzwRrpDYNxyHP9BcAZC+xHJaqTgIE5091ZV1NTmyh0sGOg5XqpnHvR0svdy0sv1gWA1zmhxig=="
		},
		"lodash-es": {
			"version": "4.17.21",
			"resolved": "https://registry.npmjs.org/lodash-es/-/lodash-es-4.17.21.tgz",
			"integrity": "sha512-mKnC+QJ9pWVzv+C4/U3rRsHapFfHvQFoFB92e52xeyGMcX6/OlIl78je1u8vePzYZSkkogMPJ2yjxxsb89cxyw=="
		},
		"regenerator-runtime": {
			"version": "0.13.9",
			"resolved": "https://registry.npmjs.org/regenerator-runtime/-/regenerator-runtime-0.13.9.tgz",
			"integrity": "sha512-p3VT+cOEgxFsRRA9X4lkI1E+k2/CtnKtU4gcxyaCUreilL/vqI6CdZ3wxVUx3UOUg+gnUOQQcRI7BmSI656MYA=="
		},
		"vue": {
			"version": "2.6.14",
			"resolved": "https://registry.npmjs.org/vue/-/vue-2.6.14.tgz",
			"integrity": "sha512-x2284lgYvjOMj3Za7kqzRcUSxBboHqtgRE2zlos1qWaOye5yUmHn42LB1250NJBLRwEcdrB0JRwyPTEPhfQjiQ==",
			"peer": true
		},
		"vue-awesome-progress": {
			"version": "1.9.7",
			"resolved": "https://registry.npmjs.org/vue-awesome-progress/-/vue-awesome-progress-1.9.7.tgz",
			"integrity": "sha512-0MuxDTS1rLRvrIEd/7JLWZTKgJOjB+02FMwr1+XGp7uyaPOx1y6iAWkWylZH8fbkAj8LsjCSpFMSDP3z+6mL6Q==",
			"requires": {
				"@babel/runtime": "^7.9.2",
				"bezier-easing": "^2.1.0",
				"core-js": "^3.6.4",
				"lodash-es": "^4.17.21"
			}
		}
	}
}
